
Microsoft Visual Studio Solution File, Format Version 12.00
# Visual Studio Version 17
VisualStudioVersion = 17.5.002.0
MinimumVisualStudioVersion = 10.0.40219.1
Project("{9A19103F-16F7-4668-BE54-9A1E7A4F7556}") = "AtletaAPI", "AtletaAPI.csproj", "{21066937-CB46-463B-A62C-EA20E7D43E8D}"
EndProject
Global
	GlobalSection(SolutionConfigurationPlatforms) = preSolution
		Debug|Any CPU = Debug|Any CPU
		Release|Any CPU = Release|Any CPU
	EndGlobalSection
	GlobalSection(ProjectConfigurationPlatforms) = postSolution
		{21066937-CB46-463B-A62C-EA20E7D43E8D}.Debug|Any CPU.ActiveCfg = Debug|Any CPU
		{21066937-CB46-463B-A62C-EA20E7D43E8D}.Debug|Any CPU.Build.0 = Debug|Any CPU
		{21066937-CB46-463B-A62C-EA20E7D43E8D}.Release|Any CPU.ActiveCfg = Release|Any CPU
		{21066937-CB46-463B-A62C-EA20E7D43E8D}.Release|Any CPU.Build.0 = Release|Any CPU
	EndGlobalSection
	GlobalSection(SolutionProperties) = preSolution
		HideSolutionNode = FALSE
	EndGlobalSection
	GlobalSection(ExtensibilityGlobals) = postSolution
		SolutionGuid = {3998F687-597D-4B7F-8D6D-FBA8D25FAC92}
	EndGlobalSection
EndGlobal
